
Microsoft Visual Studio Solution File, Format Version 12.00
# Visual Studio Version 16
VisualStudioVersion = 16.0.31515.178
MinimumVisualStudioVersion = 10.0.40219.1
Project("{9A19103F-16F7-4668-BE54-9A1E7A4F7556}") = "CORETest", "CORETest\CORETest.csproj", "{68124DE2-BF06-4F37-A3E1-0E67B1950E33}"
EndProject
Project("{9A19103F-16F7-4668-BE54-9A1E7A4F7556}") = "DataLayer", "DataLayer\DataLayer.csproj", "{0D7FBC1D-8F4D-4EC8-BF2A-9A804250F382}"
EndProject
Project("{9A19103F-16F7-4668-BE54-9A1E7A4F7556}") = "CoreLayer", "CoreLayer\CoreLayer.csproj", "{CD748DFC-CDA8-47D6-AA96-3020267C239B}"
EndProject
Global
	GlobalSection(SolutionConfigurationPlatforms) = preSolution
		Debug|Any CPU = Debug|Any CPU
		Release|Any CPU = Release|Any CPU
	EndGlobalSection
	GlobalSection(ProjectConfigurationPlatforms) = postSolution
		{68124DE2-BF06-4F37-A3E1-0E67B1950E33}.Debug|Any CPU.ActiveCfg = Debug|Any CPU
		{68124DE2-BF06-4F37-A3E1-0E67B1950E33}.Debug|Any CPU.Build.0 = Debug|Any CPU
		{68124DE2-BF06-4F37-A3E1-0E67B1950E33}.Release|Any CPU.ActiveCfg = Release|Any CPU
		{68124DE2-BF06-4F37-A3E1-0E67B1950E33}.Release|Any CPU.Build.0 = Release|Any CPU
		{0D7FBC1D-8F4D-4EC8-BF2A-9A804250F382}.Debug|Any CPU.ActiveCfg = Debug|Any CPU
		{0D7FBC1D-8F4D-4EC8-BF2A-9A804250F382}.Debug|Any CPU.Build.0 = Debug|Any CPU
		{0D7FBC1D-8F4D-4EC8-BF2A-9A804250F382}.Release|Any CPU.ActiveCfg = Release|Any CPU
		{0D7FBC1D-8F4D-4EC8-BF2A-9A804250F382}.Release|Any CPU.Build.0 = Release|Any CPU
		{CD748DFC-CDA8-47D6-AA96-3020267C239B}.Debug|Any CPU.ActiveCfg = Debug|Any CPU
		{CD748DFC-CDA8-47D6-AA96-3020267C239B}.Debug|Any CPU.Build.0 = Debug|Any CPU
		{CD748DFC-CDA8-47D6-AA96-3020267C239B}.Release|Any CPU.ActiveCfg = Release|Any CPU
		{CD748DFC-CDA8-47D6-AA96-3020267C239B}.Release|Any CPU.Build.0 = Release|Any CPU
	EndGlobalSection
	GlobalSection(SolutionProperties) = preSolution
		HideSolutionNode = FALSE
	EndGlobalSection
	GlobalSection(ExtensibilityGlobals) = postSolution
		SolutionGuid = {0077B61C-5772-4D48-9C27-62C32C5A434C}
	EndGlobalSection
EndGlobal
